// !$*UTF8*$!
{
	archiveVersion = 1;
	classes = {
	};
	objectVersion = 46;
	objects = {

/* Begin PBXBuildFile section */
		A08FC0BB1CD61DB300426AC0 /* AppDelegate.swift in Sources */ = {isa = PBXBuildFile; fileRef = A08FC0BA1CD61DB300426AC0 /* AppDelegate.swift */; };
		A08FC0BD1CD61DB300426AC0 /* ViewController.swift in Sources */ = {isa = PBXBuildFile; fileRef = A08FC0BC1CD61DB300426AC0 /* ViewController.swift */; };
		A08FC0C01CD61DB300426AC0 /* Main.storyboard in Resources */ = {isa = PBXBuildFile; fileRef = A08FC0BE1CD61DB300426AC0 /* Main.storyboard */; };
		A08FC0C21CD61DB300426AC0 /* Images.xcassets in Resources */ = {isa = PBXBuildFile; fileRef = A08FC0C11CD61DB300426AC0 /* Images.xcassets */; };
		A08FC0C51CD61DB300426AC0 /* LaunchScreen.xib in Resources */ = {isa = PBXBuildFile; fileRef = A08FC0C31CD61DB300426AC0 /* LaunchScreen.xib */; };
		A08FC0D11CD61DB300426AC0 /* GlobalMenuDemoTests.swift in Sources */ = {isa = PBXBuildFile; fileRef = A08FC0D01CD61DB300426AC0 /* GlobalMenuDemoTests.swift */; };
		A08FC0E01CD61DFF00426AC0 /* BlueViewController.swift in Sources */ = {isa = PBXBuildFile; fileRef = A08FC0DA1CD61DFF00426AC0 /* BlueViewController.swift */; };
		A08FC0E11CD61DFF00426AC0 /* GreenViewController.swift in Sources */ = {isa = PBXBuildFile; fileRef = A08FC0DB1CD61DFF00426AC0 /* GreenViewController.swift */; };
		A08FC0E21CD61DFF00426AC0 /* RedViewController.swift in Sources */ = {isa = PBXBuildFile; fileRef = A08FC0DC1CD61DFF00426AC0 /* RedViewController.swift */; };
		A08FC0E31CD61DFF00426AC0 /* SWRevealViewController.m in Sources */ = {isa = PBXBuildFile; fileRef = A08FC0DF1CD61DFF00426AC0 /* SWRevealViewController.m */; };
		A08FC0E51CD61F7A00426AC0 /* GlobalMenuTableViewController.swift in Sources */ = {isa = PBXBuildFile; fileRef = A08FC0E41CD61F7A00426AC0 /* GlobalMenuTableViewController.swift */; };
/* End PBXBuildFile section */

/* Begin PBXContainerItemProxy section */
		A08FC0CB1CD61DB300426AC0 /* PBXContainerItemProxy */ = {
			isa = PBXContainerItemProxy;
			containerPortal = A08FC0AD1CD61DB300426AC0 /* Project object */;
			proxyType = 1;
			remoteGlobalIDString = A08FC0B41CD61DB300426AC0;
			remoteInfo = GlobalMenuDemo;
		};
/* End PBXContainerItemProxy section */

/* Begin PBXFileReference section */
		A08FC0B51CD61DB300426AC0 /* GlobalMenuDemo.app */ = {isa = PBXFileReference; explicitFileType = wrapper.application; includeInIndex = 0; path = GlobalMenuDemo.app; sourceTree = BUILT_PRODUCTS_DIR; };
		A08FC0B91CD61DB300426AC0 /* Info.plist */ = {isa = PBXFileReference; lastKnownFileType = text.plist.xml; path = Info.plist; sourceTree = "<group>"; };
		A08FC0BA1CD61DB300426AC0 /* AppDelegate.swift */ = {isa = PBXFileReference; lastKnownFileType = sourcecode.swift; path = AppDelegate.swift; sourceTree = "<group>"; };
		A08FC0BC1CD61DB300426AC0 /* ViewController.swift */ = {isa = PBXFileReference; lastKnownFileType = sourcecode.swift; path = ViewController.swift; sourceTree = "<group>"; };
		A08FC0BF1CD61DB300426AC0 /* Base */ = {isa = PBXFileReference; lastKnownFileType = file.storyboard; name = Base; path = Base.lproj/Main.storyboard; sourceTree = "<group>"; };
		A08FC0C11CD61DB300426AC0 /* Images.xcassets */ = {isa = PBXFileReference; lastKnownFileType = folder.assetcatalog; path = Images.xcassets; sourceTree = "<group>"; };
		A08FC0C41CD61DB300426AC0 /* Base */ = {isa = PBXFileReference; lastKnownFileType = file.xib; name = Base; path = Base.lproj/LaunchScreen.xib; sourceTree = "<group>"; };
		A08FC0CA1CD61DB300426AC0 /* GlobalMenuDemoTests.xctest */ = {isa = PBXFileReference; explicitFileType = wrapper.cfbundle; includeInIndex = 0; path = GlobalMenuDemoTests.xctest; sourceTree = BUILT_PRODUCTS_DIR; };
		A08FC0CF1CD61DB300426AC0 /* Info.plist */ = {isa = PBXFileReference; lastKnownFileType = text.plist.xml; path = Info.plist; sourceTree = "<group>"; };
		A08FC0D01CD61DB300426AC0 /* GlobalMenuDemoTests.swift */ = {isa = PBXFileReference; lastKnownFileType = sourcecode.swift; path = GlobalMenuDemoTests.swift; sourceTree = "<group>"; };
		A08FC0DA1CD61DFF00426AC0 /* BlueViewController.swift */ = {isa = PBXFileReference; fileEncoding = 4; lastKnownFileType = sourcecode.swift; path = BlueViewController.swift; sourceTree = "<group>"; };
		A08FC0DB1CD61DFF00426AC0 /* GreenViewController.swift */ = {isa = PBXFileReference; fileEncoding = 4; lastKnownFileType = sourcecode.swift; path = GreenViewController.swift; sourceTree = "<group>"; };
		A08FC0DC1CD61DFF00426AC0 /* RedViewController.swift */ = {isa = PBXFileReference; fileEncoding = 4; lastKnownFileType = sourcecode.swift; path = RedViewController.swift; sourceTree = "<group>"; };
		A08FC0DE1CD61DFF00426AC0 /* SWRevealViewController.h */ = {isa = PBXFileReference; fileEncoding = 4; lastKnownFileType = sourcecode.c.h; path = SWRevealViewController.h; sourceTree = "<group>"; };
		A08FC0DF1CD61DFF00426AC0 /* SWRevealViewController.m */ = {isa = PBXFileReference; fileEncoding = 4; lastKnownFileType = sourcecode.c.objc; path = SWRevealViewController.m; sourceTree = "<group>"; };
		A08FC0E41CD61F7A00426AC0 /* GlobalMenuTableViewController.swift */ = {isa = PBXFileReference; fileEncoding = 4; lastKnownFileType = sourcecode.swift; path = GlobalMenuTableViewController.swift; sourceTree = "<group>"; };
		A08FC0E61CD626CA00426AC0 /* GlobalMenuDemo-Bridging-Header.h */ = {isa = PBXFileReference; lastKnownFileType = sourcecode.c.h; path = "GlobalMenuDemo-Bridging-Header.h"; sourceTree = "<group>"; };
/* End PBXFileReference section */

/* Begin PBXFrameworksBuildPhase section */
		A08FC0B21CD61DB300426AC0 /* Frameworks */ = {
			isa = PBXFrameworksBuildPhase;
			buildActionMask = 2147483647;
			files = (
			);
			runOnlyForDeploymentPostprocessing = 0;
		};
		A08FC0C71CD61DB300426AC0 /* Frameworks */ = {
			isa = PBXFrameworksBuildPhase;
			buildActionMask = 2147483647;
			files = (
			);
			runOnlyForDeploymentPostprocessing = 0;
		};
/* End PBXFrameworksBuildPhase section */

/* Begin PBXGroup section */
		A08FC0AC1CD61DB300426AC0 = {
			isa = PBXGroup;
			children = (
				A08FC0B71CD61DB300426AC0 /* GlobalMenuDemo */,
				A08FC0CD1CD61DB300426AC0 /* GlobalMenuDemoTests */,
				A08FC0B61CD61DB300426AC0 /* Products */,
			);
			sourceTree = "<group>";
		};
		A08FC0B61CD61DB300426AC0 /* Products */ = {
			isa = PBXGroup;
			children = (
				A08FC0B51CD61DB300426AC0 /* GlobalMenuDemo.app */,
				A08FC0CA1CD61DB300426AC0 /* GlobalMenuDemoTests.xctest */,
			);
			name = Products;
			sourceTree = "<group>";
		};
		A08FC0B71CD61DB300426AC0 /* GlobalMenuDemo */ = {
			isa = PBXGroup;
			children = (
				A08FC0E41CD61F7A00426AC0 /* GlobalMenuTableViewController.swift */,
				A08FC0DA1CD61DFF00426AC0 /* BlueViewController.swift */,
				A08FC0DB1CD61DFF00426AC0 /* GreenViewController.swift */,
				A08FC0E61CD626CA00426AC0 /* GlobalMenuDemo-Bridging-Header.h */,
				A08FC0DC1CD61DFF00426AC0 /* RedViewController.swift */,
				A08FC0DD1CD61DFF00426AC0 /* SWRevealViewController */,
				A08FC0BA1CD61DB300426AC0 /* AppDelegate.swift */,
				A08FC0BC1CD61DB300426AC0 /* ViewController.swift */,
				A08FC0BE1CD61DB300426AC0 /* Main.storyboard */,
				A08FC0C11CD61DB300426AC0 /* Images.xcassets */,
				A08FC0C31CD61DB300426AC0 /* LaunchScreen.xib */,
				A08FC0B81CD61DB300426AC0 /* Supporting Files */,
			);
			path = GlobalMenuDemo;
			sourceTree = "<group>";
		};
		A08FC0B81CD61DB300426AC0 /* Supporting Files */ = {
			isa = PBXGroup;
			children = (
				A08FC0B91CD61DB300426AC0 /* Info.plist */,
			);
			name = "Supporting Files";
			sourceTree = "<group>";
		};
		A08FC0CD1CD61DB300426AC0 /* GlobalMenuDemoTests */ = {
			isa = PBXGroup;
			children = (
				A08FC0D01CD61DB300426AC0 /* GlobalMenuDemoTests.swift */,
				A08FC0CE1CD61DB300426AC0 /* Supporting Files */,
			);
			path = GlobalMenuDemoTests;
			sourceTree = "<group>";
		};
		A08FC0CE1CD61DB300426AC0 /* Supporting Files */ = {
			isa = PBXGroup;
			children = (
				A08FC0CF1CD61DB300426AC0 /* Info.plist */,
			);
			name = "Supporting Files";
			sourceTree = "<group>";
		};
		A08FC0DD1CD61DFF00426AC0 /* SWRevealViewController */ = {
			isa = PBXGroup;
			children = (
				A08FC0DE1CD61DFF00426AC0 /* SWRevealViewController.h */,
				A08FC0DF1CD61DFF00426AC0 /* SWRevealViewController.m */,
			);
			path = SWRevealViewController;
			sourceTree = "<group>";
		};
/* End PBXGroup section */

/* Begin PBXNativeTarget section */
		A08FC0B41CD61DB300426AC0 /* GlobalMenuDemo */ = {
			isa = PBXNativeTarget;
			buildConfigurationList = A08FC0D41CD61DB300426AC0 /* Build configuration list for PBXNativeTarget "GlobalMenuDemo" */;
			buildPhases = (
				A08FC0B11CD61DB300426AC0 /* Sources */,
				A08FC0B21CD61DB300426AC0 /* Frameworks */,
				A08FC0B31CD61DB300426AC0 /* Resources */,
			);
			buildRules = (
			);
			dependencies = (
			);
			name = GlobalMenuDemo;
			productName = GlobalMenuDemo;
			productReference = A08FC0B51CD61DB300426AC0 /* GlobalMenuDemo.app */;
			productType = "com.apple.product-type.application";
		};
		A08FC0C91CD61DB300426AC0 /* GlobalMenuDemoTests */ = {
			isa = PBXNativeTarget;
			buildConfigurationList = A08FC0D71CD61DB300426AC0 /* Build configuration list for PBXNativeTarget "GlobalMenuDemoTests" */;
			buildPhases = (
				A08FC0C61CD61DB300426AC0 /* Sources */,
				A08FC0C71CD61DB300426AC0 /* Frameworks */,
				A08FC0C81CD61DB300426AC0 /* Resources */,
			);
			buildRules = (
			);
			dependencies = (
				A08FC0CC1CD61DB300426AC0 /* PBXTargetDependency */,
			);
			name = GlobalMenuDemoTests;
			productName = GlobalMenuDemoTests;
			productReference = A08FC0CA1CD61DB300426AC0 /* GlobalMenuDemoTests.xctest */;
			productType = "com.apple.product-type.bundle.unit-test";
		};
/* End PBXNativeTarget section */

/* Begin PBXProject section */
		A08FC0AD1CD61DB300426AC0 /* Project object */ = {
			isa = PBXProject;
			attributes = {
				LastUpgradeCheck = 0630;
				ORGANIZATIONNAME = Sravan;
				TargetAttributes = {
					A08FC0B41CD61DB300426AC0 = {
						CreatedOnToolsVersion = 6.3;
					};
					A08FC0C91CD61DB300426AC0 = {
						CreatedOnToolsVersion = 6.3;
						TestTargetID = A08FC0B41CD61DB300426AC0;
					};
				};
			};
			buildConfigurationList = A08FC0B01CD61DB300426AC0 /* Build configuration list for PBXProject "GlobalMenuDemo" */;
			compatibilityVersion = "Xcode 3.2";
			developmentRegion = English;
			hasScannedForEncodings = 0;
			knownRegions = (
				en,
				Base,
			);
			mainGroup = A08FC0AC1CD61DB300426AC0;
			productRefGroup = A08FC0B61CD61DB300426AC0 /* Products */;
			projectDirPath = "";
			projectRoot = "";
			targets = (
				A08FC0B41CD61DB300426AC0 /* GlobalMenuDemo */,
				A08FC0C91CD61DB300426AC0 /* GlobalMenuDemoTests */,
			);
		};
/* End PBXProject section */

/* Begin PBXResourcesBuildPhase section */
		A08FC0B31CD61DB300426AC0 /* Resources */ = {
			isa = PBXResourcesBuildPhase;
			buildActionMask = 2147483647;
			files = (
				A08FC0C01CD61DB300426AC0 /* Main.storyboard in Resources */,
				A08FC0C51CD61DB300426AC0 /* LaunchScreen.xib in Resources */,
				A08FC0C21CD61DB300426AC0 /* Images.xcassets in Resources */,
			);
			runOnlyForDeploymentPostprocessing = 0;
		};
		A08FC0C81CD61DB300426AC0 /* Resources */ = {
			isa = PBXResourcesBuildPhase;
			buildActionMask = 2147483647;
			files = (
			);
			runOnlyForDeploymentPostprocessing = 0;
		};
/* End PBXResourcesBuildPhase section */

/* Begin PBXSourcesBuildPhase section */
		A08FC0B11CD61DB300426AC0 /* Sources */ = {
			isa = PBXSourcesBuildPhase;
			buildActionMask = 2147483647;
			files = (
				A08FC0E51CD61F7A00426AC0 /* GlobalMenuTableViewController.swift in Sources */,
				A08FC0E21CD61DFF00426AC0 /* RedViewController.swift in Sources */,
				A08FC0E11CD61DFF00426AC0 /* GreenViewController.swift in Sources */,
				A08FC0BD1CD61DB300426AC0 /* ViewController.swift in Sources */,
				A08FC0E01CD61DFF00426AC0 /* BlueViewController.swift in Sources */,
				A08FC0BB1CD61DB300426AC0 /* AppDelegate.swift in Sources */,
				A08FC0E31CD61DFF00426AC0 /* SWRevealViewController.m in Sources */,
			);
			runOnlyForDeploymentPostprocessing = 0;
		};
		A08FC0C61CD61DB300426AC0 /* Sources */ = {
			isa = PBXSourcesBuildPhase;
			buildActionMask = 2147483647;
			files = (
				A08FC0D11CD61DB300426AC0 /* GlobalMenuDemoTests.swift in Sources */,
			);
			runOnlyForDeploymentPostprocessing = 0;
		};
/* End PBXSourcesBuildPhase section */

/* Begin PBXTargetDependency section */
		A08FC0CC1CD61DB300426AC0 /* PBXTargetDependency */ = {
			isa = PBXTargetDependency;
			target = A08FC0B41CD61DB300426AC0 /* GlobalMenuDemo */;
			targetProxy = A08FC0CB1CD61DB300426AC0 /* PBXContainerItemProxy */;
		};
/* End PBXTargetDependency section */

/* Begin PBXVariantGroup section */
		A08FC0BE1CD61DB300426AC0 /* Main.storyboard */ = {
			isa = PBXVariantGroup;
			children = (
				A08FC0BF1CD61DB300426AC0 /* Base */,
			);
			name = Main.storyboard;
			sourceTree = "<group>";
		};
		A08FC0C31CD61DB300426AC0 /* LaunchScreen.xib */ = {
			isa = PBXVariantGroup;
			children = (
				A08FC0C41CD61DB300426AC0 /* Base */,
			);
			name = LaunchScreen.xib;
			sourceTree = "<group>";
		};
/* End PBXVariantGroup section */

/* Begin XCBuildConfiguration section */
		A08FC0D21CD61DB300426AC0 /* Debug */ = {
			isa = XCBuildConfiguration;
			buildSettings = {
				ALWAYS_SEARCH_USER_PATHS = NO;
				CLANG_CXX_LANGUAGE_STANDARD = "gnu++0x";
				CLANG_CXX_LIBRARY = "libc++";
				CLANG_ENABLE_MODULES = YES;
				CLANG_ENABLE_OBJC_ARC = YES;
				CLANG_WARN_BOOL_CONVERSION = YES;
				CLANG_WARN_CONSTANT_CONVERSION = YES;
				CLANG_WARN_DIRECT_OBJC_ISA_USAGE = YES_ERROR;
				CLANG_WARN_EMPTY_BODY = YES;
				CLANG_WARN_ENUM_CONVERSION = YES;
				CLANG_WARN_INT_CONVERSION = YES;
				CLANG_WARN_OBJC_ROOT_CLASS = YES_ERROR;
				CLANG_WARN_UNREACHABLE_CODE = YES;
				CLANG_WARN__DUPLICATE_METHOD_MATCH = YES;
				"CODE_SIGN_IDENTITY[sdk=iphoneos*]" = "iPhone Developer";
				COPY_PHASE_STRIP = NO;
				DEBUG_INFORMATION_FORMAT = "dwarf-with-dsym";
				ENABLE_STRICT_OBJC_MSGSEND = YES;
				GCC_C_LANGUAGE_STANDARD = gnu99;
				GCC_DYNAMIC_NO_PIC = NO;
				GCC_NO_COMMON_BLOCKS = YES;
				GCC_OPTIMIZATION_LEVEL = 0;
				GCC_PREPROCESSOR_DEFINITIONS = (
					"DEBUG=1",
					"$(inherited)",
				);
				GCC_SYMBOLS_PRIVATE_EXTERN = NO;
				GCC_WARN_64_TO_32_BIT_CONVERSION = YES;
				GCC_WARN_ABOUT_RETURN_TYPE = YES_ERROR;
				GCC_WARN_UNDECLARED_SELECTOR = YES;
				GCC_WARN_UNINITIALIZED_AUTOS = YES_AGGRESSIVE;
				GCC_WARN_UNUSED_FUNCTION = YES;
				GCC_WARN_UNUSED_VARIABLE = YES;
				IPHONEOS_DEPLOYMENT_TARGET = 8.3;
				MTL_ENABLE_DEBUG_INFO = YES;
				ONLY_ACTIVE_ARCH = YES;
				SDKROOT = iphoneos;
				SWIFT_OPTIMIZATION_LEVEL = "-Onone";
			};
			name = Debug;
		};
		A08FC0D31CD61DB300426AC0 /* Release */ = {
			isa = XCBuildConfiguration;
			buildSettings = {
				ALWAYS_SEARCH_USER_PATHS = NO;
				CLANG_CXX_LANGUAGE_STANDARD = "gnu++0x";
				CLANG_CXX_LIBRARY = "libc++";
				CLANG_ENABLE_MODULES = YES;
				CLANG_ENABLE_OBJC_ARC = YES;
				CLANG_WARN_BOOL_CONVERSION = YES;
				CLANG_WARN_CONSTANT_CONVERSION = YES;
				CLANG_WARN_DIRECT_OBJC_ISA_USAGE = YES_ERROR;
				CLANG_WARN_EMPTY_BODY = YES;
				CLANG_WARN_ENUM_CONVERSION = YES;
				CLANG_WARN_INT_CONVERSION = YES;
				CLANG_WARN_OBJC_ROOT_CLASS = YES_ERROR;
				CLANG_WARN_UNREACHABLE_CODE = YES;
				CLANG_WARN__DUPLICATE_METHOD_MATCH = YES;
				"CODE_SIGN_IDENTITY[sdk=iphoneos*]" = "iPhone Developer";
				COPY_PHASE_STRIP = NO;
				DEBUG_INFORMATION_FORMAT = "dwarf-with-dsym";
				ENABLE_NS_ASSERTIONS = NO;
				ENABLE_STRICT_OBJC_MSGSEND = YES;
				GCC_C_LANGUAGE_STANDARD = gnu99;
				GCC_NO_COMMON_BLOCKS = YES;
				GCC_WARN_64_TO_32_BIT_CONVERSION = YES;
				GCC_WARN_ABOUT_RETURN_TYPE = YES_ERROR;
				GCC_WARN_UNDECLARED_SELECTOR = YES;
				GCC_WARN_UNINITIALIZED_AUTOS = YES_AGGRESSIVE;
				GCC_WARN_UNUSED_FUNCTION = YES;
				GCC_WARN_UNUSED_VARIABLE = YES;
				IPHONEOS_DEPLOYMENT_TARGET = 8.3;
				MTL_ENABLE_DEBUG_INFO = NO;
				SDKROOT = iphoneos;
				VALIDATE_PRODUCT = YES;
			};
			name = Release;
		};
		A08FC0D51CD61DB300426AC0 /* Debug */ = {
			isa = XCBuildConfiguration;
			buildSettings = {
				ASSETCATALOG_COMPILER_APPICON_NAME = AppIcon;
				INFOPLIST_FILE = GlobalMenuDemo/Info.plist;
				LD_RUNPATH_SEARCH_PATHS = "$(inherited) @executable_path/Frameworks";
				PRODUCT_NAME = "$(TARGET_NAME)";
				SWIFT_OBJC_BRIDGING_HEADER = "/Users/sravan/Documents/iOSWorkspace/GlobalMenuDemo/GlobalMenuDemo/GlobalMenuDemo-Bridging-Header.h";
			};
			name = Debug;
		};
		A08FC0D61CD61DB300426AC0 /* Release */ = {
			isa = XCBuildConfiguration;
			buildSettings = {
				ASSETCATALOG_COMPILER_APPICON_NAME = AppIcon;
				INFOPLIST_FILE = GlobalMenuDemo/Info.plist;
				LD_RUNPATH_SEARCH_PATHS = "$(inherited) @executable_path/Frameworks";
				PRODUCT_NAME = "$(TARGET_NAME)";
				SWIFT_OBJC_BRIDGING_HEADER = "/Users/sravan/Documents/iOSWorkspace/GlobalMenuDemo/GlobalMenuDemo/GlobalMenuDemo-Bridging-Header.h";
			};
			name = Release;
		};
		A08FC0D81CD61DB300426AC0 /* Debug */ = {
			isa = XCBuildConfiguration;
			buildSettings = {
				BUNDLE_LOADER = "$(TEST_HOST)";
				FRAMEWORK_SEARCH_PATHS = (
					"$(SDKROOT)/Developer/Library/Frameworks",
					"$(inherited)",
				);
				GCC_PREPROCESSOR_DEFINITIONS = (
					"DEBUG=1",
					"$(inherited)",
				);
				INFOPLIST_FILE = GlobalMenuDemoTests/Info.plist;
				LD_RUNPATH_SEARCH_PATHS = "$(inherited) @executable_path/Frameworks @loader_path/Frameworks";
				PRODUCT_NAME = "$(TARGET_NAME)";
				TEST_HOST = "$(BUILT_PRODUCTS_DIR)/GlobalMenuDemo.app/GlobalMenuDemo";
			};
			name = Debug;
		};
		A08FC0D91CD61DB300426AC0 /* Release */ = {
			isa = XCBuildConfiguration;
			buildSettings = {
				BUNDLE_LOADER = "$(TEST_HOST)";
				FRAMEWORK_SEARCH_PATHS = (
					"$(SDKROOT)/Developer/Library/Frameworks",
					"$(inherited)",
				);
				INFOPLIST_FILE = GlobalMenuDemoTests/Info.plist;
				LD_RUNPATH_SEARCH_PATHS = "$(inherited) @executable_path/Frameworks @loader_path/Frameworks";
				PRODUCT_NAME = "$(TARGET_NAME)";
				TEST_HOST = "$(BUILT_PRODUCTS_DIR)/GlobalMenuDemo.app/GlobalMenuDemo";
			};
			name = Release;
		};
/* End XCBuildConfiguration section */

/* Begin XCConfigurationList section */
		A08FC0B01CD61DB300426AC0 /* Build configuration list for PBXProject "GlobalMenuDemo" */ = {
			isa = XCConfigurationList;
			buildConfigurations = (
				A08FC0D21CD61DB300426AC0 /* Debug */,
				A08FC0D31CD61DB300426AC0 /* Release */,
			);
			defaultConfigurationIsVisible = 0;
			defaultConfigurationName = Release;
		};
		A08FC0D41CD61DB300426AC0 /* Build configuration list for PBXNativeTarget "GlobalMenuDemo" */ = {
			isa = XCConfigurationList;
			buildConfigurations = (
				A08FC0D51CD61DB300426AC0 /* Debug */,
				A08FC0D61CD61DB300426AC0 /* Release */,
			);
			defaultConfigurationIsVisible = 0;
		};
		A08FC0D71CD61DB300426AC0 /* Build configuration list for PBXNativeTarget "GlobalMenuDemoTests" */ = {
			isa = XCConfigurationList;
			buildConfigurations = (
				A08FC0D81CD61DB300426AC0 /* Debug */,
				A08FC0D91CD61DB300426AC0 /* Release */,
			);
			defaultConfigurationIsVisible = 0;
		};
/* End XCConfigurationList section */
	};
	rootObject = A08FC0AD1CD61DB300426AC0 /* Project object */;
}
